
Microsoft Visual Studio Solution File, Format Version 12.00
# Visual Studio 15
Project("{FAE04EC0-301F-11D3-BF4B-00C04F79EFBC}") = "Cosas", "Assembly-CSharp.csproj", "{98C30E7D-572A-DB1D-EB83-614F6B794103}"
EndProject
Project("{FAE04EC0-301F-11D3-BF4B-00C04F79EFBC}") = "Cosas", "Assembly-CSharp-Editor.csproj", "{DA2462E4-B775-273D-65B7-BB11E695D276}"
EndProject
Global
	GlobalSection(SolutionConfigurationPlatforms) = preSolution
		Debug|Any CPU = Debug|Any CPU
		Release|Any CPU = Release|Any CPU
	EndGlobalSection
	GlobalSection(ProjectConfigurationPlatforms) = postSolution
		{98C30E7D-572A-DB1D-EB83-614F6B794103}.Debug|Any CPU.ActiveCfg = Debug|Any CPU
		{98C30E7D-572A-DB1D-EB83-614F6B794103}.Debug|Any CPU.Build.0 = Debug|Any CPU
		{98C30E7D-572A-DB1D-EB83-614F6B794103}.Release|Any CPU.ActiveCfg = Release|Any CPU
		{98C30E7D-572A-DB1D-EB83-614F6B794103}.Release|Any CPU.Build.0 = Release|Any CPU
		{DA2462E4-B775-273D-65B7-BB11E695D276}.Debug|Any CPU.ActiveCfg = Debug|Any CPU
		{DA2462E4-B775-273D-65B7-BB11E695D276}.Debug|Any CPU.Build.0 = Debug|Any CPU
		{DA2462E4-B775-273D-65B7-BB11E695D276}.Release|Any CPU.ActiveCfg = Release|Any CPU
		{DA2462E4-B775-273D-65B7-BB11E695D276}.Release|Any CPU.Build.0 = Release|Any CPU
	EndGlobalSection
	GlobalSection(SolutionProperties) = preSolution
		HideSolutionNode = FALSE
	EndGlobalSection
EndGlobal
